
Microsoft Visual Studio Solution File, Format Version 12.00
# Visual Studio 2015
Project("{FAE04EC0-301F-11D3-BF4B-00C04F79EFBC}") = "GameVersion13.CSharp.Plugins", "GameVersion13.CSharp.Plugins.csproj", "{9B563B1E-F0AA-7738-D535-6E86DF3C43A4}"
EndProject
Project("{FAE04EC0-301F-11D3-BF4B-00C04F79EFBC}") = "GameVersion13.CSharp", "GameVersion13.CSharp.csproj", "{9B693DE0-3801-EFD7-2409-521CB2D17B29}"
EndProject
Project("{FAE04EC0-301F-11D3-BF4B-00C04F79EFBC}") = "GameVersion13.CSharp.Editor.Plugins", "GameVersion13.CSharp.Editor.Plugins.csproj", "{F09F5BEF-8015-C86C-4590-AEEF4B7123C5}"
EndProject
Global
	GlobalSection(SolutionConfigurationPlatforms) = preSolution
		Debug|Any CPU = Debug|Any CPU
		Release|Any CPU = Release|Any CPU
	EndGlobalSection
	GlobalSection(ProjectConfigurationPlatforms) = postSolution
		{9B563B1E-F0AA-7738-D535-6E86DF3C43A4}.Debug|Any CPU.ActiveCfg = Debug|Any CPU
		{9B563B1E-F0AA-7738-D535-6E86DF3C43A4}.Debug|Any CPU.Build.0 = Debug|Any CPU
		{9B563B1E-F0AA-7738-D535-6E86DF3C43A4}.Release|Any CPU.ActiveCfg = Release|Any CPU
		{9B563B1E-F0AA-7738-D535-6E86DF3C43A4}.Release|Any CPU.Build.0 = Release|Any CPU
		{9B693DE0-3801-EFD7-2409-521CB2D17B29}.Debug|Any CPU.ActiveCfg = Debug|Any CPU
		{9B693DE0-3801-EFD7-2409-521CB2D17B29}.Debug|Any CPU.Build.0 = Debug|Any CPU
		{9B693DE0-3801-EFD7-2409-521CB2D17B29}.Release|Any CPU.ActiveCfg = Release|Any CPU
		{9B693DE0-3801-EFD7-2409-521CB2D17B29}.Release|Any CPU.Build.0 = Release|Any CPU
		{F09F5BEF-8015-C86C-4590-AEEF4B7123C5}.Debug|Any CPU.ActiveCfg = Debug|Any CPU
		{F09F5BEF-8015-C86C-4590-AEEF4B7123C5}.Debug|Any CPU.Build.0 = Debug|Any CPU
		{F09F5BEF-8015-C86C-4590-AEEF4B7123C5}.Release|Any CPU.ActiveCfg = Release|Any CPU
		{F09F5BEF-8015-C86C-4590-AEEF4B7123C5}.Release|Any CPU.Build.0 = Release|Any CPU
	EndGlobalSection
	GlobalSection(SolutionProperties) = preSolution
		HideSolutionNode = FALSE
	EndGlobalSection
EndGlobal
