Microsoft Visual Studio Solution File, Format Version 11.00
# Visual Studio 2008

Project("{FCDE4CFF-9F19-6F96-2EA5-9F0C31845189}") = "CusdomDevSkillDoorPlacement", "Assembly-CSharp-firstpass.csproj", "{D16CBD3F-67BA-5A05-0BD8-AABF2EDE244E}"
EndProject
Project("{FCDE4CFF-9F19-6F96-2EA5-9F0C31845189}") = "CusdomDevSkillDoorPlacement", "Assembly-CSharp.csproj", "{A4AC5FFC-1829-09B4-17DE-6F60E05C1876}"
EndProject
Project("{FCDE4CFF-9F19-6F96-2EA5-9F0C31845189}") = "CusdomDevSkillDoorPlacement", "Assembly-UnityScript.unityproj", "{D2E940E9-F16B-E74A-2522-32E6C10769D0}"
EndProject
Global
	GlobalSection(SolutionConfigurationPlatforms) = preSolution
		Debug|Any CPU = Debug|Any CPU
		Release|Any CPU = Release|Any CPU
	EndGlobalSection
	GlobalSection(ProjectConfigurationPlatforms) = postSolution
		{D16CBD3F-67BA-5A05-0BD8-AABF2EDE244E}.Debug|Any CPU.ActiveCfg = Debug|Any CPU
		{D16CBD3F-67BA-5A05-0BD8-AABF2EDE244E}.Debug|Any CPU.Build.0 = Debug|Any CPU
		{D16CBD3F-67BA-5A05-0BD8-AABF2EDE244E}.Release|Any CPU.ActiveCfg = Release|Any CPU
		{D16CBD3F-67BA-5A05-0BD8-AABF2EDE244E}.Release|Any CPU.Build.0 = Release|Any CPU
		{A4AC5FFC-1829-09B4-17DE-6F60E05C1876}.Debug|Any CPU.ActiveCfg = Debug|Any CPU
		{A4AC5FFC-1829-09B4-17DE-6F60E05C1876}.Debug|Any CPU.Build.0 = Debug|Any CPU
		{A4AC5FFC-1829-09B4-17DE-6F60E05C1876}.Release|Any CPU.ActiveCfg = Release|Any CPU
		{A4AC5FFC-1829-09B4-17DE-6F60E05C1876}.Release|Any CPU.Build.0 = Release|Any CPU
		{D2E940E9-F16B-E74A-2522-32E6C10769D0}.Debug|Any CPU.ActiveCfg = Debug|Any CPU
		{D2E940E9-F16B-E74A-2522-32E6C10769D0}.Debug|Any CPU.Build.0 = Debug|Any CPU
		{D2E940E9-F16B-E74A-2522-32E6C10769D0}.Release|Any CPU.ActiveCfg = Release|Any CPU
		{D2E940E9-F16B-E74A-2522-32E6C10769D0}.Release|Any CPU.Build.0 = Release|Any CPU
	EndGlobalSection
	GlobalSection(SolutionProperties) = preSolution
		HideSolutionNode = FALSE
	EndGlobalSection
	GlobalSection(MonoDevelopProperties) = preSolution
		StartupItem = Assembly-CSharp.csproj
	EndGlobalSection
EndGlobal
